// !$*UTF8*$!
{
	archiveVersion = 1;
	classes = {
	};
	objectVersion = 50;
	objects = {

/* Begin PBXBuildFile section */
		93388971F77F8320C4A8A8FC /* Pods_parstagram_parstagramUITests.framework in Frameworks */ = {isa = PBXBuildFile; fileRef = 2A4AD51A407F13171C36B109 /* Pods_parstagram_parstagramUITests.framework */; };
		96F401221A93EFB197EC948E /* Pods_parstagram.framework in Frameworks */ = {isa = PBXBuildFile; fileRef = EF2892F0F0E249E5D454821D /* Pods_parstagram.framework */; };
		A5441AC6E3CDF79EA108053F /* Pods_parstagramTests.framework in Frameworks */ = {isa = PBXBuildFile; fileRef = 478553CFDA76305F74189467 /* Pods_parstagramTests.framework */; };
		EDC439002703FC170080CEFA /* AppDelegate.swift in Sources */ = {isa = PBXBuildFile; fileRef = EDC438FF2703FC170080CEFA /* AppDelegate.swift */; };
		EDC439022703FC170080CEFA /* SceneDelegate.swift in Sources */ = {isa = PBXBuildFile; fileRef = EDC439012703FC170080CEFA /* SceneDelegate.swift */; };
		EDC439042703FC170080CEFA /* ViewController.swift in Sources */ = {isa = PBXBuildFile; fileRef = EDC439032703FC170080CEFA /* ViewController.swift */; };
		EDC439072703FC170080CEFA /* Main.storyboard in Resources */ = {isa = PBXBuildFile; fileRef = EDC439052703FC170080CEFA /* Main.storyboard */; };
		EDC439092703FC210080CEFA /* Assets.xcassets in Resources */ = {isa = PBXBuildFile; fileRef = EDC439082703FC210080CEFA /* Assets.xcassets */; };
		EDC4390C2703FC210080CEFA /* LaunchScreen.storyboard in Resources */ = {isa = PBXBuildFile; fileRef = EDC4390A2703FC210080CEFA /* LaunchScreen.storyboard */; };
		EDC439172703FC210080CEFA /* parstagramTests.swift in Sources */ = {isa = PBXBuildFile; fileRef = EDC439162703FC210080CEFA /* parstagramTests.swift */; };
		EDC439222703FC210080CEFA /* parstagramUITests.swift in Sources */ = {isa = PBXBuildFile; fileRef = EDC439212703FC210080CEFA /* parstagramUITests.swift */; };
/* End PBXBuildFile section */

/* Begin PBXContainerItemProxy section */
		EDC439132703FC210080CEFA /* PBXContainerItemProxy */ = {
			isa = PBXContainerItemProxy;
			containerPortal = EDC438F42703FC170080CEFA /* Project object */;
			proxyType = 1;
			remoteGlobalIDString = EDC438FB2703FC170080CEFA;
			remoteInfo = parstagram;
		};
		EDC4391E2703FC210080CEFA /* PBXContainerItemProxy */ = {
			isa = PBXContainerItemProxy;
			containerPortal = EDC438F42703FC170080CEFA /* Project object */;
			proxyType = 1;
			remoteGlobalIDString = EDC438FB2703FC170080CEFA;
			remoteInfo = parstagram;
		};
/* End PBXContainerItemProxy section */

/* Begin PBXFileReference section */
		18DBCB29AACE15C36312D8A7 /* Pods-parstagram-parstagramUITests.debug.xcconfig */ = {isa = PBXFileReference; includeInIndex = 1; lastKnownFileType = text.xcconfig; name = "Pods-parstagram-parstagramUITests.debug.xcconfig"; path = "Target Support Files/Pods-parstagram-parstagramUITests/Pods-parstagram-parstagramUITests.debug.xcconfig"; sourceTree = "<group>"; };
		2A4AD51A407F13171C36B109 /* Pods_parstagram_parstagramUITests.framework */ = {isa = PBXFileReference; explicitFileType = wrapper.framework; includeInIndex = 0; path = Pods_parstagram_parstagramUITests.framework; sourceTree = BUILT_PRODUCTS_DIR; };
		2B0FE70D8F38F74776F03477 /* Pods-parstagram-parstagramUITests.release.xcconfig */ = {isa = PBXFileReference; includeInIndex = 1; lastKnownFileType = text.xcconfig; name = "Pods-parstagram-parstagramUITests.release.xcconfig"; path = "Target Support Files/Pods-parstagram-parstagramUITests/Pods-parstagram-parstagramUITests.release.xcconfig"; sourceTree = "<group>"; };
		2CCFC481933094CD1C0AE8DD /* Pods-parstagramTests.release.xcconfig */ = {isa = PBXFileReference; includeInIndex = 1; lastKnownFileType = text.xcconfig; name = "Pods-parstagramTests.release.xcconfig"; path = "Target Support Files/Pods-parstagramTests/Pods-parstagramTests.release.xcconfig"; sourceTree = "<group>"; };
		3E69F06091211D0B3BD46AA6 /* Pods-parstagram.release.xcconfig */ = {isa = PBXFileReference; includeInIndex = 1; lastKnownFileType = text.xcconfig; name = "Pods-parstagram.release.xcconfig"; path = "Target Support Files/Pods-parstagram/Pods-parstagram.release.xcconfig"; sourceTree = "<group>"; };
		478553CFDA76305F74189467 /* Pods_parstagramTests.framework */ = {isa = PBXFileReference; explicitFileType = wrapper.framework; includeInIndex = 0; path = Pods_parstagramTests.framework; sourceTree = BUILT_PRODUCTS_DIR; };
		4C12C031B7DDDF55C1F0B931 /* Pods-parstagram.debug.xcconfig */ = {isa = PBXFileReference; includeInIndex = 1; lastKnownFileType = text.xcconfig; name = "Pods-parstagram.debug.xcconfig"; path = "Target Support Files/Pods-parstagram/Pods-parstagram.debug.xcconfig"; sourceTree = "<group>"; };
		AD69C7A13186D80B8E2B1BE3 /* Pods-parstagramTests.debug.xcconfig */ = {isa = PBXFileReference; includeInIndex = 1; lastKnownFileType = text.xcconfig; name = "Pods-parstagramTests.debug.xcconfig"; path = "Target Support Files/Pods-parstagramTests/Pods-parstagramTests.debug.xcconfig"; sourceTree = "<group>"; };
		EDC438FC2703FC170080CEFA /* parstagram.app */ = {isa = PBXFileReference; explicitFileType = wrapper.application; includeInIndex = 0; path = parstagram.app; sourceTree = BUILT_PRODUCTS_DIR; };
		EDC438FF2703FC170080CEFA /* AppDelegate.swift */ = {isa = PBXFileReference; lastKnownFileType = sourcecode.swift; path = AppDelegate.swift; sourceTree = "<group>"; };
		EDC439012703FC170080CEFA /* SceneDelegate.swift */ = {isa = PBXFileReference; lastKnownFileType = sourcecode.swift; path = SceneDelegate.swift; sourceTree = "<group>"; };
		EDC439032703FC170080CEFA /* ViewController.swift */ = {isa = PBXFileReference; lastKnownFileType = sourcecode.swift; path = ViewController.swift; sourceTree = "<group>"; };
		EDC439062703FC170080CEFA /* Base */ = {isa = PBXFileReference; lastKnownFileType = file.storyboard; name = Base; path = Base.lproj/Main.storyboard; sourceTree = "<group>"; };
		EDC439082703FC210080CEFA /* Assets.xcassets */ = {isa = PBXFileReference; lastKnownFileType = folder.assetcatalog; path = Assets.xcassets; sourceTree = "<group>"; };
		EDC4390B2703FC210080CEFA /* Base */ = {isa = PBXFileReference; lastKnownFileType = file.storyboard; name = Base; path = Base.lproj/LaunchScreen.storyboard; sourceTree = "<group>"; };
		EDC4390D2703FC210080CEFA /* Info.plist */ = {isa = PBXFileReference; lastKnownFileType = text.plist.xml; path = Info.plist; sourceTree = "<group>"; };
		EDC439122703FC210080CEFA /* parstagramTests.xctest */ = {isa = PBXFileReference; explicitFileType = wrapper.cfbundle; includeInIndex = 0; path = parstagramTests.xctest; sourceTree = BUILT_PRODUCTS_DIR; };
		EDC439162703FC210080CEFA /* parstagramTests.swift */ = {isa = PBXFileReference; lastKnownFileType = sourcecode.swift; path = parstagramTests.swift; sourceTree = "<group>"; };
		EDC439182703FC210080CEFA /* Info.plist */ = {isa = PBXFileReference; lastKnownFileType = text.plist.xml; path = Info.plist; sourceTree = "<group>"; };
		EDC4391D2703FC210080CEFA /* parstagramUITests.xctest */ = {isa = PBXFileReference; explicitFileType = wrapper.cfbundle; includeInIndex = 0; path = parstagramUITests.xctest; sourceTree = BUILT_PRODUCTS_DIR; };
		EDC439212703FC210080CEFA /* parstagramUITests.swift */ = {isa = PBXFileReference; lastKnownFileType = sourcecode.swift; path = parstagramUITests.swift; sourceTree = "<group>"; };
		EDC439232703FC210080CEFA /* Info.plist */ = {isa = PBXFileReference; lastKnownFileType = text.plist.xml; path = Info.plist; sourceTree = "<group>"; };
		EF2892F0F0E249E5D454821D /* Pods_parstagram.framework */ = {isa = PBXFileReference; explicitFileType = wrapper.framework; includeInIndex = 0; path = Pods_parstagram.framework; sourceTree = BUILT_PRODUCTS_DIR; };
/* End PBXFileReference section */

/* Begin PBXFrameworksBuildPhase section */
		EDC438F92703FC170080CEFA /* Frameworks */ = {
			isa = PBXFrameworksBuildPhase;
			buildActionMask = 2147483647;
			files = (
				96F401221A93EFB197EC948E /* Pods_parstagram.framework in Frameworks */,
			);
			runOnlyForDeploymentPostprocessing = 0;
		};
		EDC4390F2703FC210080CEFA /* Frameworks */ = {
			isa = PBXFrameworksBuildPhase;
			buildActionMask = 2147483647;
			files = (
				A5441AC6E3CDF79EA108053F /* Pods_parstagramTests.framework in Frameworks */,
			);
			runOnlyForDeploymentPostprocessing = 0;
		};
		EDC4391A2703FC210080CEFA /* Frameworks */ = {
			isa = PBXFrameworksBuildPhase;
			buildActionMask = 2147483647;
			files = (
				93388971F77F8320C4A8A8FC /* Pods_parstagram_parstagramUITests.framework in Frameworks */,
			);
			runOnlyForDeploymentPostprocessing = 0;
		};
/* End PBXFrameworksBuildPhase section */

/* Begin PBXGroup section */
		7E81FB2C61CAF9D6F445B5A4 /* Pods */ = {
			isa = PBXGroup;
			children = (
				4C12C031B7DDDF55C1F0B931 /* Pods-parstagram.debug.xcconfig */,
				3E69F06091211D0B3BD46AA6 /* Pods-parstagram.release.xcconfig */,
				18DBCB29AACE15C36312D8A7 /* Pods-parstagram-parstagramUITests.debug.xcconfig */,
				2B0FE70D8F38F74776F03477 /* Pods-parstagram-parstagramUITests.release.xcconfig */,
				AD69C7A13186D80B8E2B1BE3 /* Pods-parstagramTests.debug.xcconfig */,
				2CCFC481933094CD1C0AE8DD /* Pods-parstagramTests.release.xcconfig */,
			);
			name = Pods;
			path = Pods;
			sourceTree = "<group>";
		};
		902E45CD8AA952379ADE4B9D /* Frameworks */ = {
			isa = PBXGroup;
			children = (
				EF2892F0F0E249E5D454821D /* Pods_parstagram.framework */,
				2A4AD51A407F13171C36B109 /* Pods_parstagram_parstagramUITests.framework */,
				478553CFDA76305F74189467 /* Pods_parstagramTests.framework */,
			);
			name = Frameworks;
			sourceTree = "<group>";
		};
		EDC438F32703FC170080CEFA = {
			isa = PBXGroup;
			children = (
				EDC438FE2703FC170080CEFA /* parstagram */,
				EDC439152703FC210080CEFA /* parstagramTests */,
				EDC439202703FC210080CEFA /* parstagramUITests */,
				EDC438FD2703FC170080CEFA /* Products */,
				7E81FB2C61CAF9D6F445B5A4 /* Pods */,
				902E45CD8AA952379ADE4B9D /* Frameworks */,
			);
			sourceTree = "<group>";
		};
		EDC438FD2703FC170080CEFA /* Products */ = {
			isa = PBXGroup;
			children = (
				EDC438FC2703FC170080CEFA /* parstagram.app */,
				EDC439122703FC210080CEFA /* parstagramTests.xctest */,
				EDC4391D2703FC210080CEFA /* parstagramUITests.xctest */,
			);
			name = Products;
			sourceTree = "<group>";
		};
		EDC438FE2703FC170080CEFA /* parstagram */ = {
			isa = PBXGroup;
			children = (
				EDC438FF2703FC170080CEFA /* AppDelegate.swift */,
				EDC439012703FC170080CEFA /* SceneDelegate.swift */,
				EDC439032703FC170080CEFA /* ViewController.swift */,
				EDC439052703FC170080CEFA /* Main.storyboard */,
				EDC439082703FC210080CEFA /* Assets.xcassets */,
				EDC4390A2703FC210080CEFA /* LaunchScreen.storyboard */,
				EDC4390D2703FC210080CEFA /* Info.plist */,
			);
			path = parstagram;
			sourceTree = "<group>";
		};
		EDC439152703FC210080CEFA /* parstagramTests */ = {
			isa = PBXGroup;
			children = (
				EDC439162703FC210080CEFA /* parstagramTests.swift */,
				EDC439182703FC210080CEFA /* Info.plist */,
			);
			path = parstagramTests;
			sourceTree = "<group>";
		};
		EDC439202703FC210080CEFA /* parstagramUITests */ = {
			isa = PBXGroup;
			children = (
				EDC439212703FC210080CEFA /* parstagramUITests.swift */,
				EDC439232703FC210080CEFA /* Info.plist */,
			);
			path = parstagramUITests;
			sourceTree = "<group>";
		};
/* End PBXGroup section */

/* Begin PBXNativeTarget section */
		EDC438FB2703FC170080CEFA /* parstagram */ = {
			isa = PBXNativeTarget;
			buildConfigurationList = EDC439262703FC210080CEFA /* Build configuration list for PBXNativeTarget "parstagram" */;
			buildPhases = (
				FB4AB8AAB9A7FF26F8742EA5 /* [CP] Check Pods Manifest.lock */,
				EDC438F82703FC170080CEFA /* Sources */,
				EDC438F92703FC170080CEFA /* Frameworks */,
				EDC438FA2703FC170080CEFA /* Resources */,
				5D93AEE917B8C69A25BA45E9 /* [CP] Embed Pods Frameworks */,
			);
			buildRules = (
			);
			dependencies = (
			);
			name = parstagram;
			productName = parstagram;
			productReference = EDC438FC2703FC170080CEFA /* parstagram.app */;
			productType = "com.apple.product-type.application";
		};
		EDC439112703FC210080CEFA /* parstagramTests */ = {
			isa = PBXNativeTarget;
			buildConfigurationList = EDC439292703FC210080CEFA /* Build configuration list for PBXNativeTarget "parstagramTests" */;
			buildPhases = (
				AB24D6B352800FEB633ECB53 /* [CP] Check Pods Manifest.lock */,
				EDC4390E2703FC210080CEFA /* Sources */,
				EDC4390F2703FC210080CEFA /* Frameworks */,
				EDC439102703FC210080CEFA /* Resources */,
			);
			buildRules = (
			);
			dependencies = (
				EDC439142703FC210080CEFA /* PBXTargetDependency */,
			);
			name = parstagramTests;
			productName = parstagramTests;
			productReference = EDC439122703FC210080CEFA /* parstagramTests.xctest */;
			productType = "com.apple.product-type.bundle.unit-test";
		};
		EDC4391C2703FC210080CEFA /* parstagramUITests */ = {
			isa = PBXNativeTarget;
			buildConfigurationList = EDC4392C2703FC210080CEFA /* Build configuration list for PBXNativeTarget "parstagramUITests" */;
			buildPhases = (
				CE334C3DDD250548B375033D /* [CP] Check Pods Manifest.lock */,
				EDC439192703FC210080CEFA /* Sources */,
				EDC4391A2703FC210080CEFA /* Frameworks */,
				EDC4391B2703FC210080CEFA /* Resources */,
				5C6A26EB57D24ECF53376E57 /* [CP] Embed Pods Frameworks */,
			);
			buildRules = (
			);
			dependencies = (
				EDC4391F2703FC210080CEFA /* PBXTargetDependency */,
			);
			name = parstagramUITests;
			productName = parstagramUITests;
			productReference = EDC4391D2703FC210080CEFA /* parstagramUITests.xctest */;
			productType = "com.apple.product-type.bundle.ui-testing";
		};
/* End PBXNativeTarget section */

/* Begin PBXProject section */
		EDC438F42703FC170080CEFA /* Project object */ = {
			isa = PBXProject;
			attributes = {
				LastSwiftUpdateCheck = 1240;
				LastUpgradeCheck = 1240;
				TargetAttributes = {
					EDC438FB2703FC170080CEFA = {
						CreatedOnToolsVersion = 12.4;
					};
					EDC439112703FC210080CEFA = {
						CreatedOnToolsVersion = 12.4;
						TestTargetID = EDC438FB2703FC170080CEFA;
					};
					EDC4391C2703FC210080CEFA = {
						CreatedOnToolsVersion = 12.4;
						TestTargetID = EDC438FB2703FC170080CEFA;
					};
				};
			};
			buildConfigurationList = EDC438F72703FC170080CEFA /* Build configuration list for PBXProject "parstagram" */;
			compatibilityVersion = "Xcode 9.3";
			developmentRegion = en;
			hasScannedForEncodings = 0;
			knownRegions = (
				en,
				Base,
			);
			mainGroup = EDC438F32703FC170080CEFA;
			productRefGroup = EDC438FD2703FC170080CEFA /* Products */;
			projectDirPath = "";
			projectRoot = "";
			targets = (
				EDC438FB2703FC170080CEFA /* parstagram */,
				EDC439112703FC210080CEFA /* parstagramTests */,
				EDC4391C2703FC210080CEFA /* parstagramUITests */,
			);
		};
/* End PBXProject section */

/* Begin PBXResourcesBuildPhase section */
		EDC438FA2703FC170080CEFA /* Resources */ = {
			isa = PBXResourcesBuildPhase;
			buildActionMask = 2147483647;
			files = (
				EDC4390C2703FC210080CEFA /* LaunchScreen.storyboard in Resources */,
				EDC439092703FC210080CEFA /* Assets.xcassets in Resources */,
				EDC439072703FC170080CEFA /* Main.storyboard in Resources */,
			);
			runOnlyForDeploymentPostprocessing = 0;
		};
		EDC439102703FC210080CEFA /* Resources */ = {
			isa = PBXResourcesBuildPhase;
			buildActionMask = 2147483647;
			files = (
			);
			runOnlyForDeploymentPostprocessing = 0;
		};
		EDC4391B2703FC210080CEFA /* Resources */ = {
			isa = PBXResourcesBuildPhase;
			buildActionMask = 2147483647;
			files = (
			);
			runOnlyForDeploymentPostprocessing = 0;
		};
/* End PBXResourcesBuildPhase section */

/* Begin PBXShellScriptBuildPhase section */
		5C6A26EB57D24ECF53376E57 /* [CP] Embed Pods Frameworks */ = {
			isa = PBXShellScriptBuildPhase;
			buildActionMask = 2147483647;
			files = (
			);
			inputFileListPaths = (
				"${PODS_ROOT}/Target Support Files/Pods-parstagram-parstagramUITests/Pods-parstagram-parstagramUITests-frameworks-${CONFIGURATION}-input-files.xcfilelist",
			);
			name = "[CP] Embed Pods Frameworks";
			outputFileListPaths = (
				"${PODS_ROOT}/Target Support Files/Pods-parstagram-parstagramUITests/Pods-parstagram-parstagramUITests-frameworks-${CONFIGURATION}-output-files.xcfilelist",
			);
			runOnlyForDeploymentPostprocessing = 0;
			shellPath = /bin/sh;
			shellScript = "\"${PODS_ROOT}/Target Support Files/Pods-parstagram-parstagramUITests/Pods-parstagram-parstagramUITests-frameworks.sh\"\n";
			showEnvVarsInLog = 0;
		};
		5D93AEE917B8C69A25BA45E9 /* [CP] Embed Pods Frameworks */ = {
			isa = PBXShellScriptBuildPhase;
			buildActionMask = 2147483647;
			files = (
			);
			inputFileListPaths = (
				"${PODS_ROOT}/Target Support Files/Pods-parstagram/Pods-parstagram-frameworks-${CONFIGURATION}-input-files.xcfilelist",
			);
			name = "[CP] Embed Pods Frameworks";
			outputFileListPaths = (
				"${PODS_ROOT}/Target Support Files/Pods-parstagram/Pods-parstagram-frameworks-${CONFIGURATION}-output-files.xcfilelist",
			);
			runOnlyForDeploymentPostprocessing = 0;
			shellPath = /bin/sh;
			shellScript = "\"${PODS_ROOT}/Target Support Files/Pods-parstagram/Pods-parstagram-frameworks.sh\"\n";
			showEnvVarsInLog = 0;
		};
		AB24D6B352800FEB633ECB53 /* [CP] Check Pods Manifest.lock */ = {
			isa = PBXShellScriptBuildPhase;
			buildActionMask = 2147483647;
			files = (
			);
			inputFileListPaths = (
			);
			inputPaths = (
				"${PODS_PODFILE_DIR_PATH}/Podfile.lock",
				"${PODS_ROOT}/Manifest.lock",
			);
			name = "[CP] Check Pods Manifest.lock";
			outputFileListPaths = (
			);
			outputPaths = (
				"$(DERIVED_FILE_DIR)/Pods-parstagramTests-checkManifestLockResult.txt",
			);
			runOnlyForDeploymentPostprocessing = 0;
			shellPath = /bin/sh;
			shellScript = "diff \"${PODS_PODFILE_DIR_PATH}/Podfile.lock\" \"${PODS_ROOT}/Manifest.lock\" > /dev/null\nif [ $? != 0 ] ; then\n    # print error to STDERR\n    echo \"error: The sandbox is not in sync with the Podfile.lock. Run 'pod install' or update your CocoaPods installation.\" >&2\n    exit 1\nfi\n# This output is used by Xcode 'outputs' to avoid re-running this script phase.\necho \"SUCCESS\" > \"${SCRIPT_OUTPUT_FILE_0}\"\n";
			showEnvVarsInLog = 0;
		};
		CE334C3DDD250548B375033D /* [CP] Check Pods Manifest.lock */ = {
			isa = PBXShellScriptBuildPhase;
			buildActionMask = 2147483647;
			files = (
			);
			inputFileListPaths = (
			);
			inputPaths = (
				"${PODS_PODFILE_DIR_PATH}/Podfile.lock",
				"${PODS_ROOT}/Manifest.lock",
			);
			name = "[CP] Check Pods Manifest.lock";
			outputFileListPaths = (
			);
			outputPaths = (
				"$(DERIVED_FILE_DIR)/Pods-parstagram-parstagramUITests-checkManifestLockResult.txt",
			);
			runOnlyForDeploymentPostprocessing = 0;
			shellPath = /bin/sh;
			shellScript = "diff \"${PODS_PODFILE_DIR_PATH}/Podfile.lock\" \"${PODS_ROOT}/Manifest.lock\" > /dev/null\nif [ $? != 0 ] ; then\n    # print error to STDERR\n    echo \"error: The sandbox is not in sync with the Podfile.lock. Run 'pod install' or update your CocoaPods installation.\" >&2\n    exit 1\nfi\n# This output is used by Xcode 'outputs' to avoid re-running this script phase.\necho \"SUCCESS\" > \"${SCRIPT_OUTPUT_FILE_0}\"\n";
			showEnvVarsInLog = 0;
		};
		FB4AB8AAB9A7FF26F8742EA5 /* [CP] Check Pods Manifest.lock */ = {
			isa = PBXShellScriptBuildPhase;
			buildActionMask = 2147483647;
			files = (
			);
			inputFileListPaths = (
			);
			inputPaths = (
				"${PODS_PODFILE_DIR_PATH}/Podfile.lock",
				"${PODS_ROOT}/Manifest.lock",
			);
			name = "[CP] Check Pods Manifest.lock";
			outputFileListPaths = (
			);
			outputPaths = (
				"$(DERIVED_FILE_DIR)/Pods-parstagram-checkManifestLockResult.txt",
			);
			runOnlyForDeploymentPostprocessing = 0;
			shellPath = /bin/sh;
			shellScript = "diff \"${PODS_PODFILE_DIR_PATH}/Podfile.lock\" \"${PODS_ROOT}/Manifest.lock\" > /dev/null\nif [ $? != 0 ] ; then\n    # print error to STDERR\n    echo \"error: The sandbox is not in sync with the Podfile.lock. Run 'pod install' or update your CocoaPods installation.\" >&2\n    exit 1\nfi\n# This output is used by Xcode 'outputs' to avoid re-running this script phase.\necho \"SUCCESS\" > \"${SCRIPT_OUTPUT_FILE_0}\"\n";
			showEnvVarsInLog = 0;
		};
/* End PBXShellScriptBuildPhase section */

/* Begin PBXSourcesBuildPhase section */
		EDC438F82703FC170080CEFA /* Sources */ = {
			isa = PBXSourcesBuildPhase;
			buildActionMask = 2147483647;
			files = (
				EDC439042703FC170080CEFA /* ViewController.swift in Sources */,
				EDC439002703FC170080CEFA /* AppDelegate.swift in Sources */,
				EDC439022703FC170080CEFA /* SceneDelegate.swift in Sources */,
			);
			runOnlyForDeploymentPostprocessing = 0;
		};
		EDC4390E2703FC210080CEFA /* Sources */ = {
			isa = PBXSourcesBuildPhase;
			buildActionMask = 2147483647;
			files = (
				EDC439172703FC210080CEFA /* parstagramTests.swift in Sources */,
			);
			runOnlyForDeploymentPostprocessing = 0;
		};
		EDC439192703FC210080CEFA /* Sources */ = {
			isa = PBXSourcesBuildPhase;
			buildActionMask = 2147483647;
			files = (
				EDC439222703FC210080CEFA /* parstagramUITests.swift in Sources */,
			);
			runOnlyForDeploymentPostprocessing = 0;
		};
/* End PBXSourcesBuildPhase section */

/* Begin PBXTargetDependency section */
		EDC439142703FC210080CEFA /* PBXTargetDependency */ = {
			isa = PBXTargetDependency;
			target = EDC438FB2703FC170080CEFA /* parstagram */;
			targetProxy = EDC439132703FC210080CEFA /* PBXContainerItemProxy */;
		};
		EDC4391F2703FC210080CEFA /* PBXTargetDependency */ = {
			isa = PBXTargetDependency;
			target = EDC438FB2703FC170080CEFA /* parstagram */;
			targetProxy = EDC4391E2703FC210080CEFA /* PBXContainerItemProxy */;
		};
/* End PBXTargetDependency section */

/* Begin PBXVariantGroup section */
		EDC439052703FC170080CEFA /* Main.storyboard */ = {
			isa = PBXVariantGroup;
			children = (
				EDC439062703FC170080CEFA /* Base */,
			);
			name = Main.storyboard;
			sourceTree = "<group>";
		};
		EDC4390A2703FC210080CEFA /* LaunchScreen.storyboard */ = {
			isa = PBXVariantGroup;
			children = (
				EDC4390B2703FC210080CEFA /* Base */,
			);
			name = LaunchScreen.storyboard;
			sourceTree = "<group>";
		};
/* End PBXVariantGroup section */

/* Begin XCBuildConfiguration section */
		EDC439242703FC210080CEFA /* Debug */ = {
			isa = XCBuildConfiguration;
			buildSettings = {
				ALWAYS_SEARCH_USER_PATHS = NO;
				CLANG_ANALYZER_NONNULL = YES;
				CLANG_ANALYZER_NUMBER_OBJECT_CONVERSION = YES_AGGRESSIVE;
				CLANG_CXX_LANGUAGE_STANDARD = "gnu++14";
				CLANG_CXX_LIBRARY = "libc++";
				CLANG_ENABLE_MODULES = YES;
				CLANG_ENABLE_OBJC_ARC = YES;
				CLANG_ENABLE_OBJC_WEAK = YES;
				CLANG_WARN_BLOCK_CAPTURE_AUTORELEASING = YES;
				CLANG_WARN_BOOL_CONVERSION = YES;
				CLANG_WARN_COMMA = YES;
				CLANG_WARN_CONSTANT_CONVERSION = YES;
				CLANG_WARN_DEPRECATED_OBJC_IMPLEMENTATIONS = YES;
				CLANG_WARN_DIRECT_OBJC_ISA_USAGE = YES_ERROR;
				CLANG_WARN_DOCUMENTATION_COMMENTS = YES;
				CLANG_WARN_EMPTY_BODY = YES;
				CLANG_WARN_ENUM_CONVERSION = YES;
				CLANG_WARN_INFINITE_RECURSION = YES;
				CLANG_WARN_INT_CONVERSION = YES;
				CLANG_WARN_NON_LITERAL_NULL_CONVERSION = YES;
				CLANG_WARN_OBJC_IMPLICIT_RETAIN_SELF = YES;
				CLANG_WARN_OBJC_LITERAL_CONVERSION = YES;
				CLANG_WARN_OBJC_ROOT_CLASS = YES_ERROR;
				CLANG_WARN_QUOTED_INCLUDE_IN_FRAMEWORK_HEADER = YES;
				CLANG_WARN_RANGE_LOOP_ANALYSIS = YES;
				CLANG_WARN_STRICT_PROTOTYPES = YES;
				CLANG_WARN_SUSPICIOUS_MOVE = YES;
				CLANG_WARN_UNGUARDED_AVAILABILITY = YES_AGGRESSIVE;
				CLANG_WARN_UNREACHABLE_CODE = YES;
				CLANG_WARN__DUPLICATE_METHOD_MATCH = YES;
				COPY_PHASE_STRIP = NO;
				DEBUG_INFORMATION_FORMAT = dwarf;
				ENABLE_STRICT_OBJC_MSGSEND = YES;
				ENABLE_TESTABILITY = YES;
				GCC_C_LANGUAGE_STANDARD = gnu11;
				GCC_DYNAMIC_NO_PIC = NO;
				GCC_NO_COMMON_BLOCKS = YES;
				GCC_OPTIMIZATION_LEVEL = 0;
				GCC_PREPROCESSOR_DEFINITIONS = (
					"DEBUG=1",
					"$(inherited)",
				);
				GCC_WARN_64_TO_32_BIT_CONVERSION = YES;
				GCC_WARN_ABOUT_RETURN_TYPE = YES_ERROR;
				GCC_WARN_UNDECLARED_SELECTOR = YES;
				GCC_WARN_UNINITIALIZED_AUTOS = YES_AGGRESSIVE;
				GCC_WARN_UNUSED_FUNCTION = YES;
				GCC_WARN_UNUSED_VARIABLE = YES;
				IPHONEOS_DEPLOYMENT_TARGET = 14.4;
				MTL_ENABLE_DEBUG_INFO = INCLUDE_SOURCE;
				MTL_FAST_MATH = YES;
				ONLY_ACTIVE_ARCH = YES;
				SDKROOT = iphoneos;
				SWIFT_ACTIVE_COMPILATION_CONDITIONS = DEBUG;
				SWIFT_OPTIMIZATION_LEVEL = "-Onone";
			};
			name = Debug;
		};
		EDC439252703FC210080CEFA /* Release */ = {
			isa = XCBuildConfiguration;
			buildSettings = {
				ALWAYS_SEARCH_USER_PATHS = NO;
				CLANG_ANALYZER_NONNULL = YES;
				CLANG_ANALYZER_NUMBER_OBJECT_CONVERSION = YES_AGGRESSIVE;
				CLANG_CXX_LANGUAGE_STANDARD = "gnu++14";
				CLANG_CXX_LIBRARY = "libc++";
				CLANG_ENABLE_MODULES = YES;
				CLANG_ENABLE_OBJC_ARC = YES;
				CLANG_ENABLE_OBJC_WEAK = YES;
				CLANG_WARN_BLOCK_CAPTURE_AUTORELEASING = YES;
				CLANG_WARN_BOOL_CONVERSION = YES;
				CLANG_WARN_COMMA = YES;
				CLANG_WARN_CONSTANT_CONVERSION = YES;
				CLANG_WARN_DEPRECATED_OBJC_IMPLEMENTATIONS = YES;
				CLANG_WARN_DIRECT_OBJC_ISA_USAGE = YES_ERROR;
				CLANG_WARN_DOCUMENTATION_COMMENTS = YES;
				CLANG_WARN_EMPTY_BODY = YES;
				CLANG_WARN_ENUM_CONVERSION = YES;
				CLANG_WARN_INFINITE_RECURSION = YES;
				CLANG_WARN_INT_CONVERSION = YES;
				CLANG_WARN_NON_LITERAL_NULL_CONVERSION = YES;
				CLANG_WARN_OBJC_IMPLICIT_RETAIN_SELF = YES;
				CLANG_WARN_OBJC_LITERAL_CONVERSION = YES;
				CLANG_WARN_OBJC_ROOT_CLASS = YES_ERROR;
				CLANG_WARN_QUOTED_INCLUDE_IN_FRAMEWORK_HEADER = YES;
				CLANG_WARN_RANGE_LOOP_ANALYSIS = YES;
				CLANG_WARN_STRICT_PROTOTYPES = YES;
				CLANG_WARN_SUSPICIOUS_MOVE = YES;
				CLANG_WARN_UNGUARDED_AVAILABILITY = YES_AGGRESSIVE;
				CLANG_WARN_UNREACHABLE_CODE = YES;
				CLANG_WARN__DUPLICATE_METHOD_MATCH = YES;
				COPY_PHASE_STRIP = NO;
				DEBUG_INFORMATION_FORMAT = "dwarf-with-dsym";
				ENABLE_NS_ASSERTIONS = NO;
				ENABLE_STRICT_OBJC_MSGSEND = YES;
				GCC_C_LANGUAGE_STANDARD = gnu11;
				GCC_NO_COMMON_BLOCKS = YES;
				GCC_WARN_64_TO_32_BIT_CONVERSION = YES;
				GCC_WARN_ABOUT_RETURN_TYPE = YES_ERROR;
				GCC_WARN_UNDECLARED_SELECTOR = YES;
				GCC_WARN_UNINITIALIZED_AUTOS = YES_AGGRESSIVE;
				GCC_WARN_UNUSED_FUNCTION = YES;
				GCC_WARN_UNUSED_VARIABLE = YES;
				IPHONEOS_DEPLOYMENT_TARGET = 14.4;
				MTL_ENABLE_DEBUG_INFO = NO;
				MTL_FAST_MATH = YES;
				SDKROOT = iphoneos;
				SWIFT_COMPILATION_MODE = wholemodule;
				SWIFT_OPTIMIZATION_LEVEL = "-O";
				VALIDATE_PRODUCT = YES;
			};
			name = Release;
		};
		EDC439272703FC210080CEFA /* Debug */ = {
			isa = XCBuildConfiguration;
			baseConfigurationReference = 4C12C031B7DDDF55C1F0B931 /* Pods-parstagram.debug.xcconfig */;
			buildSettings = {
				ASSETCATALOG_COMPILER_APPICON_NAME = AppIcon;
				ASSETCATALOG_COMPILER_GLOBAL_ACCENT_COLOR_NAME = AccentColor;
				CODE_SIGN_STYLE = Automatic;
				INFOPLIST_FILE = parstagram/Info.plist;
				LD_RUNPATH_SEARCH_PATHS = (
					"$(inherited)",
					"@executable_path/Frameworks",
				);
				PRODUCT_BUNDLE_IDENTIFIER = "betsyavila97-icloud.com.parstagram";
				PRODUCT_NAME = "$(TARGET_NAME)";
				SWIFT_VERSION = 5.0;
				TARGETED_DEVICE_FAMILY = "1,2";
			};
			name = Debug;
		};
		EDC439282703FC210080CEFA /* Release */ = {
			isa = XCBuildConfiguration;
			baseConfigurationReference = 3E69F06091211D0B3BD46AA6 /* Pods-parstagram.release.xcconfig */;
			buildSettings = {
				ASSETCATALOG_COMPILER_APPICON_NAME = AppIcon;
				ASSETCATALOG_COMPILER_GLOBAL_ACCENT_COLOR_NAME = AccentColor;
				CODE_SIGN_STYLE = Automatic;
				INFOPLIST_FILE = parstagram/Info.plist;
				LD_RUNPATH_SEARCH_PATHS = (
					"$(inherited)",
					"@executable_path/Frameworks",
				);
				PRODUCT_BUNDLE_IDENTIFIER = "betsyavila97-icloud.com.parstagram";
				PRODUCT_NAME = "$(TARGET_NAME)";
				SWIFT_VERSION = 5.0;
				TARGETED_DEVICE_FAMILY = "1,2";
			};
			name = Release;
		};
		EDC4392A2703FC210080CEFA /* Debug */ = {
			isa = XCBuildConfiguration;
			baseConfigurationReference = AD69C7A13186D80B8E2B1BE3 /* Pods-parstagramTests.debug.xcconfig */;
			buildSettings = {
				ALWAYS_EMBED_SWIFT_STANDARD_LIBRARIES = YES;
				BUNDLE_LOADER = "$(TEST_HOST)";
				CODE_SIGN_STYLE = Automatic;
				INFOPLIST_FILE = parstagramTests/Info.plist;
				IPHONEOS_DEPLOYMENT_TARGET = 14.4;
				LD_RUNPATH_SEARCH_PATHS = (
					"$(inherited)",
					"@executable_path/Frameworks",
					"@loader_path/Frameworks",
				);
				PRODUCT_BUNDLE_IDENTIFIER = "betsyavila97-icloud.com.parstagramTests";
				PRODUCT_NAME = "$(TARGET_NAME)";
				SWIFT_VERSION = 5.0;
				TARGETED_DEVICE_FAMILY = "1,2";
				TEST_HOST = "$(BUILT_PRODUCTS_DIR)/parstagram.app/parstagram";
			};
			name = Debug;
		};
		EDC4392B2703FC210080CEFA /* Release */ = {
			isa = XCBuildConfiguration;
			baseConfigurationReference = 2CCFC481933094CD1C0AE8DD /* Pods-parstagramTests.release.xcconfig */;
			buildSettings = {
				ALWAYS_EMBED_SWIFT_STANDARD_LIBRARIES = YES;
				BUNDLE_LOADER = "$(TEST_HOST)";
				CODE_SIGN_STYLE = Automatic;
				INFOPLIST_FILE = parstagramTests/Info.plist;
				IPHONEOS_DEPLOYMENT_TARGET = 14.4;
				LD_RUNPATH_SEARCH_PATHS = (
					"$(inherited)",
					"@executable_path/Frameworks",
					"@loader_path/Frameworks",
				);
				PRODUCT_BUNDLE_IDENTIFIER = "betsyavila97-icloud.com.parstagramTests";
				PRODUCT_NAME = "$(TARGET_NAME)";
				SWIFT_VERSION = 5.0;
				TARGETED_DEVICE_FAMILY = "1,2";
				TEST_HOST = "$(BUILT_PRODUCTS_DIR)/parstagram.app/parstagram";
			};
			name = Release;
		};
		EDC4392D2703FC210080CEFA /* Debug */ = {
			isa = XCBuildConfiguration;
			baseConfigurationReference = 18DBCB29AACE15C36312D8A7 /* Pods-parstagram-parstagramUITests.debug.xcconfig */;
			buildSettings = {
				ALWAYS_EMBED_SWIFT_STANDARD_LIBRARIES = YES;
				CODE_SIGN_STYLE = Automatic;
				INFOPLIST_FILE = parstagramUITests/Info.plist;
				LD_RUNPATH_SEARCH_PATHS = (
					"$(inherited)",
					"@executable_path/Frameworks",
					"@loader_path/Frameworks",
				);
				PRODUCT_BUNDLE_IDENTIFIER = "betsyavila97-icloud.com.parstagramUITests";
				PRODUCT_NAME = "$(TARGET_NAME)";
				SWIFT_VERSION = 5.0;
				TARGETED_DEVICE_FAMILY = "1,2";
				TEST_TARGET_NAME = parstagram;
			};
			name = Debug;
		};
		EDC4392E2703FC210080CEFA /* Release */ = {
			isa = XCBuildConfiguration;
			baseConfigurationReference = 2B0FE70D8F38F74776F03477 /* Pods-parstagram-parstagramUITests.release.xcconfig */;
			buildSettings = {
				ALWAYS_EMBED_SWIFT_STANDARD_LIBRARIES = YES;
				CODE_SIGN_STYLE = Automatic;
				INFOPLIST_FILE = parstagramUITests/Info.plist;
				LD_RUNPATH_SEARCH_PATHS = (
					"$(inherited)",
					"@executable_path/Frameworks",
					"@loader_path/Frameworks",
				);
				PRODUCT_BUNDLE_IDENTIFIER = "betsyavila97-icloud.com.parstagramUITests";
				PRODUCT_NAME = "$(TARGET_NAME)";
				SWIFT_VERSION = 5.0;
				TARGETED_DEVICE_FAMILY = "1,2";
				TEST_TARGET_NAME = parstagram;
			};
			name = Release;
		};
/* End XCBuildConfiguration section */

/* Begin XCConfigurationList section */
		EDC438F72703FC170080CEFA /* Build configuration list for PBXProject "parstagram" */ = {
			isa = XCConfigurationList;
			buildConfigurations = (
				EDC439242703FC210080CEFA /* Debug */,
				EDC439252703FC210080CEFA /* Release */,
			);
			defaultConfigurationIsVisible = 0;
			defaultConfigurationName = Release;
		};
		EDC439262703FC210080CEFA /* Build configuration list for PBXNativeTarget "parstagram" */ = {
			isa = XCConfigurationList;
			buildConfigurations = (
				EDC439272703FC210080CEFA /* Debug */,
				EDC439282703FC210080CEFA /* Release */,
			);
			defaultConfigurationIsVisible = 0;
			defaultConfigurationName = Release;
		};
		EDC439292703FC210080CEFA /* Build configuration list for PBXNativeTarget "parstagramTests" */ = {
			isa = XCConfigurationList;
			buildConfigurations = (
				EDC4392A2703FC210080CEFA /* Debug */,
				EDC4392B2703FC210080CEFA /* Release */,
			);
			defaultConfigurationIsVisible = 0;
			defaultConfigurationName = Release;
		};
		EDC4392C2703FC210080CEFA /* Build configuration list for PBXNativeTarget "parstagramUITests" */ = {
			isa = XCConfigurationList;
			buildConfigurations = (
				EDC4392D2703FC210080CEFA /* Debug */,
				EDC4392E2703FC210080CEFA /* Release */,
			);
			defaultConfigurationIsVisible = 0;
			defaultConfigurationName = Release;
		};
/* End XCConfigurationList section */
	};
	rootObject = EDC438F42703FC170080CEFA /* Project object */;
}
